{
  "nodes": {
    "nixpkgs": {
      "locked": {
        "lastModified": 1740367490,
        "narHash": "sha256-WGaHVAjcrv+Cun7zPlI41SerRtfknGQap281+AakSAw=",
        "owner": "NixOS",
        "repo": "nixpkgs",
        "rev": "0196c0175e9191c474c26ab5548db27ef5d34b05",
        "type": "github"
      },
      "original": {
        "owner": "NixOS",
        "ref": "nixos-unstable",
        "repo": "nixpkgs",
        "type": "github"
      }
    },
    "nixpkgs_2": {
      "locked": {
        "lastModified": 1787135253,
        "narHash": "sha256-RD2kNWCG+Bjo6h+JVjWVNntZs2GtRoeY2xHjts/FNkA=",
        "owner": "NixOS",
        "repo": "nixpkgs",
        "rev": "ffb3c9b700e759be2ef13237c9d8f953b32a1e46",
        "type": "github"
      },
      "original": {
        "owner": "NixOS",
        "ref": "nixos-unstable",
        "repo": "nixpkgs",
        "type": "github"
      }
    },
    "nixpkgs_3": {
      "locked": {
        "lastModified": 1704722960,
        "narHash": "sha256-mKGJ3sPsT6//s+Knglai5YflJUF2DGj7Ai6Ynopz0kI=",
        "owner": "NixOS",
        "repo": "nixpkgs",
        "rev": "317484b1ead87b9c1b8ac5261a8d2dd748a0492d",
        "type": "github"
      },
      "original": {
        "owner": "NixOS",
        "ref": "nixos-unstable",
        "repo": "nixpkgs",
        "type": "github"
      }
    },
    "phosphor": {
      "inputs": {
        "nixpkgs": "nixpkgs_2"
      },
      "locked": {
        "lastModified": 1787252152,
        "narHash": "sha256-NJtI0Afi/TZXktLEVHWsaJFXlsA/RzV5XRzEE4pZQxE=",
        "owner": "tr3foil",
        "repo": "phosphor",
        "rev": "ccff1376cf1652fd6f15236c36f8ebd6f9651ec3",
        "type": "github"
      },
      "original": {
        "owner": "tr3foil",
        "ref": "main",
        "repo": "phosphor",
        "type": "github"
      }
    },
    "root": {
      "inputs": {
        "nixpkgs": "nixpkgs",
        "phosphor": "phosphor",
        "yip": "yip"
      }
    },
    "yip": {
      "inputs": {
        "nixpkgs": "nixpkgs_3"
      },
      "locked": {
        "lastModified": 1707858316,
        "narHash": "sha256-sjJmezHNDNgwBnSq1Hm+LLF+5lwSblHuJ8ANGvaqpck=",
        "owner": "tr3foil",
        "repo": "yip",
        "rev": "3ef04526e57f0f40d71a3a5a4615f3200ac2f38b",
        "type": "github"
      },
      "original": {
        "owner": "tr3foil",
        "ref": "main",
        "repo": "yip",
        "type": "github"
      }
    }
  },
  "root": "root",
  "version": 7
}
